// !$*UTF8*$!
{
	archiveVersion = 1;
	classes = {
	};
	objectVersion = 45;
	objects = {

/* Begin PBXBuildFile section */
		1D3623260D0F684500981E51 /* FoursquareConnectAppDelegate.m in Sources */ = {isa = PBXBuildFile; fileRef = 1D3623250D0F684500981E51 /* FoursquareConnectAppDelegate.m */; };
		1D60589B0D05DD56006BFB54 /* main.m in Sources */ = {isa = PBXBuildFile; fileRef = 29B97316FDCFA39411CA2CEA /* main.m */; };
		1D60589F0D05DD5A006BFB54 /* Foundation.framework in Frameworks */ = {isa = PBXBuildFile; fileRef = 1D30AB110D05D00D00671497 /* Foundation.framework */; };
		1DF5F4E00D08C38300B7A737 /* UIKit.framework in Frameworks */ = {isa = PBXBuildFile; fileRef = 1DF5F4DF0D08C38300B7A737 /* UIKit.framework */; };
		1E050EBB12AF10FC006E1AEB /* icon.png in Resources */ = {isa = PBXBuildFile; fileRef = 1E050EBA12AF10FC006E1AEB /* icon.png */; };
		1E050EBF12AF116C006E1AEB /* FSConnectWebView.m in Sources */ = {isa = PBXBuildFile; fileRef = 1E050EBD12AF116C006E1AEB /* FSConnectWebView.m */; };
		1E050EC012AF116C006E1AEB /* FSConnectWebView.xib in Resources */ = {isa = PBXBuildFile; fileRef = 1E050EBE12AF116C006E1AEB /* FSConnectWebView.xib */; };
		1E4D112912B1587F002ACEAD /* fs-close-btn.png in Resources */ = {isa = PBXBuildFile; fileRef = 1E4D112812B1587F002ACEAD /* fs-close-btn.png */; };
		1E4D117B12B1B23D002ACEAD /* storage.js in Resources */ = {isa = PBXBuildFile; fileRef = 1E4D114312B1A974002ACEAD /* storage.js */; };
		1EC598BC12C2675F00F2A564 /* FSUserRequestor.m in Sources */ = {isa = PBXBuildFile; fileRef = 1EC598BB12C2675F00F2A564 /* FSUserRequestor.m */; };
		1EC5990F12C27CE000F2A564 /* NSObject+SBJSON.m in Sources */ = {isa = PBXBuildFile; fileRef = 1EC5990A12C27CE000F2A564 /* NSObject+SBJSON.m */; };
		1EC5991012C27CE000F2A564 /* NSString+SBJSON.m in Sources */ = {isa = PBXBuildFile; fileRef = 1EC5990B12C27CE000F2A564 /* NSString+SBJSON.m */; };
		1EC5991112C27CE000F2A564 /* SBJsonBase.m in Sources */ = {isa = PBXBuildFile; fileRef = 1EC5990C12C27CE000F2A564 /* SBJsonBase.m */; };
		1EC5991212C27CE000F2A564 /* SBJsonParser.m in Sources */ = {isa = PBXBuildFile; fileRef = 1EC5990D12C27CE000F2A564 /* SBJsonParser.m */; };
		1EC5991312C27CE000F2A564 /* SBJsonWriter.m in Sources */ = {isa = PBXBuildFile; fileRef = 1EC5990E12C27CE000F2A564 /* SBJsonWriter.m */; };
		1ECFAE8712B02DF600E684D1 /* foursquare-overlay.png in Resources */ = {isa = PBXBuildFile; fileRef = 1ECFAE8612B02DF600E684D1 /* foursquare-overlay.png */; };
		288765A50DF7441C002DB57D /* CoreGraphics.framework in Frameworks */ = {isa = PBXBuildFile; fileRef = 288765A40DF7441C002DB57D /* CoreGraphics.framework */; };
		2899E5220DE3E06400AC0155 /* FoursquareConnectViewController.xib in Resources */ = {isa = PBXBuildFile; fileRef = 2899E5210DE3E06400AC0155 /* FoursquareConnectViewController.xib */; };
		28AD733F0D9D9553002E5188 /* MainWindow.xib in Resources */ = {isa = PBXBuildFile; fileRef = 28AD733E0D9D9553002E5188 /* MainWindow.xib */; };
		28D7ACF80DDB3853001CB0EB /* FoursquareConnectViewController.m in Sources */ = {isa = PBXBuildFile; fileRef = 28D7ACF70DDB3853001CB0EB /* FoursquareConnectViewController.m */; };
/* End PBXBuildFile section */

/* Begin PBXFileReference section */
		1D30AB110D05D00D00671497 /* Foundation.framework */ = {isa = PBXFileReference; lastKnownFileType = wrapper.framework; name = Foundation.framework; path = System/Library/Frameworks/Foundation.framework; sourceTree = SDKROOT; };
		1D3623240D0F684500981E51 /* FoursquareConnectAppDelegate.h */ = {isa = PBXFileReference; fileEncoding = 4; lastKnownFileType = sourcecode.c.h; path = FoursquareConnectAppDelegate.h; sourceTree = "<group>"; };
		1D3623250D0F684500981E51 /* FoursquareConnectAppDelegate.m */ = {isa = PBXFileReference; fileEncoding = 4; lastKnownFileType = sourcecode.c.objc; path = FoursquareConnectAppDelegate.m; sourceTree = "<group>"; };
		1D6058910D05DD3D006BFB54 /* FoursquareConnect.app */ = {isa = PBXFileReference; explicitFileType = wrapper.application; includeInIndex = 0; path = FoursquareConnect.app; sourceTree = BUILT_PRODUCTS_DIR; };
		1DF5F4DF0D08C38300B7A737 /* UIKit.framework */ = {isa = PBXFileReference; lastKnownFileType = wrapper.framework; name = UIKit.framework; path = System/Library/Frameworks/UIKit.framework; sourceTree = SDKROOT; };
		1E050EBA12AF10FC006E1AEB /* icon.png */ = {isa = PBXFileReference; lastKnownFileType = image.png; name = icon.png; path = Classes/icon.png; sourceTree = SOURCE_ROOT; };
		1E050EBC12AF116C006E1AEB /* FSConnectWebView.h */ = {isa = PBXFileReference; fileEncoding = 4; lastKnownFileType = sourcecode.c.h; path = FSConnectWebView.h; sourceTree = "<group>"; };
		1E050EBD12AF116C006E1AEB /* FSConnectWebView.m */ = {isa = PBXFileReference; fileEncoding = 4; lastKnownFileType = sourcecode.c.objc; path = FSConnectWebView.m; sourceTree = "<group>"; };
		1E050EBE12AF116C006E1AEB /* FSConnectWebView.xib */ = {isa = PBXFileReference; lastKnownFileType = file.xib; path = FSConnectWebView.xib; sourceTree = "<group>"; };
		1E4D112812B1587F002ACEAD /* fs-close-btn.png */ = {isa = PBXFileReference; lastKnownFileType = image.png; name = "fs-close-btn.png"; path = "Classes/fs-close-btn.png"; sourceTree = SOURCE_ROOT; };
		1E4D114312B1A974002ACEAD /* storage.js */ = {isa = PBXFileReference; fileEncoding = 4; lastKnownFileType = sourcecode.javascript; name = storage.js; path = Classes/storage.js; sourceTree = SOURCE_ROOT; };
		1EC598BA12C2675F00F2A564 /* FSUserRequestor.h */ = {isa = PBXFileReference; fileEncoding = 4; lastKnownFileType = sourcecode.c.h; path = FSUserRequestor.h; sourceTree = "<group>"; };
		1EC598BB12C2675F00F2A564 /* FSUserRequestor.m */ = {isa = PBXFileReference; fileEncoding = 4; lastKnownFileType = sourcecode.c.objc; path = FSUserRequestor.m; sourceTree = "<group>"; };
		1EC5990412C27CE000F2A564 /* JSON.h */ = {isa = PBXFileReference; fileEncoding = 4; lastKnownFileType = sourcecode.c.h; name = JSON.h; path = Classes/JSON.h; sourceTree = SOURCE_ROOT; };
		1EC5990512C27CE000F2A564 /* NSObject+SBJSON.h */ = {isa = PBXFileReference; fileEncoding = 4; lastKnownFileType = sourcecode.c.h; name = "NSObject+SBJSON.h"; path = "Classes/NSObject+SBJSON.h"; sourceTree = SOURCE_ROOT; };
		1EC5990612C27CE000F2A564 /* NSString+SBJSON.h */ = {isa = PBXFileReference; fileEncoding = 4; lastKnownFileType = sourcecode.c.h; name = "NSString+SBJSON.h"; path = "Classes/NSString+SBJSON.h"; sourceTree = SOURCE_ROOT; };
		1EC5990712C27CE000F2A564 /* SBJsonBase.h */ = {isa = PBXFileReference; fileEncoding = 4; lastKnownFileType = sourcecode.c.h; name = SBJsonBase.h; path = Classes/SBJsonBase.h; sourceTree = SOURCE_ROOT; };
		1EC5990812C27CE000F2A564 /* SBJsonParser.h */ = {isa = PBXFileReference; fileEncoding = 4; lastKnownFileType = sourcecode.c.h; name = SBJsonParser.h; path = Classes/SBJsonParser.h; sourceTree = SOURCE_ROOT; };
		1EC5990912C27CE000F2A564 /* SBJsonWriter.h */ = {isa = PBXFileReference; fileEncoding = 4; lastKnownFileType = sourcecode.c.h; name = SBJsonWriter.h; path = Classes/SBJsonWriter.h; sourceTree = SOURCE_ROOT; };
		1EC5990A12C27CE000F2A564 /* NSObject+SBJSON.m */ = {isa = PBXFileReference; fileEncoding = 4; lastKnownFileType = sourcecode.c.objc; name = "NSObject+SBJSON.m"; path = "Classes/NSObject+SBJSON.m"; sourceTree = SOURCE_ROOT; };
		1EC5990B12C27CE000F2A564 /* NSString+SBJSON.m */ = {isa = PBXFileReference; fileEncoding = 4; lastKnownFileType = sourcecode.c.objc; name = "NSString+SBJSON.m"; path = "Classes/NSString+SBJSON.m"; sourceTree = SOURCE_ROOT; };
		1EC5990C12C27CE000F2A564 /* SBJsonBase.m */ = {isa = PBXFileReference; fileEncoding = 4; lastKnownFileType = sourcecode.c.objc; name = SBJsonBase.m; path = Classes/SBJsonBase.m; sourceTree = SOURCE_ROOT; };
		1EC5990D12C27CE000F2A564 /* SBJsonParser.m */ = {isa = PBXFileReference; fileEncoding = 4; lastKnownFileType = sourcecode.c.objc; name = SBJsonParser.m; path = Classes/SBJsonParser.m; sourceTree = SOURCE_ROOT; };
		1EC5990E12C27CE000F2A564 /* SBJsonWriter.m */ = {isa = PBXFileReference; fileEncoding = 4; lastKnownFileType = sourcecode.c.objc; name = SBJsonWriter.m; path = Classes/SBJsonWriter.m; sourceTree = SOURCE_ROOT; };
		1ECFAE8612B02DF600E684D1 /* foursquare-overlay.png */ = {isa = PBXFileReference; lastKnownFileType = image.png; name = "foursquare-overlay.png"; path = "Classes/foursquare-overlay.png"; sourceTree = SOURCE_ROOT; };
		288765A40DF7441C002DB57D /* CoreGraphics.framework */ = {isa = PBXFileReference; lastKnownFileType = wrapper.framework; name = CoreGraphics.framework; path = System/Library/Frameworks/CoreGraphics.framework; sourceTree = SDKROOT; };
		2899E5210DE3E06400AC0155 /* FoursquareConnectViewController.xib */ = {isa = PBXFileReference; lastKnownFileType = file.xib; name = FoursquareConnectViewController.xib; path = ../FoursquareConnectViewController.xib; sourceTree = "<group>"; };
		28AD733E0D9D9553002E5188 /* MainWindow.xib */ = {isa = PBXFileReference; lastKnownFileType = file.xib; path = MainWindow.xib; sourceTree = "<group>"; };
		28D7ACF60DDB3853001CB0EB /* FoursquareConnectViewController.h */ = {isa = PBXFileReference; fileEncoding = 4; lastKnownFileType = sourcecode.c.h; path = FoursquareConnectViewController.h; sourceTree = "<group>"; };
		28D7ACF70DDB3853001CB0EB /* FoursquareConnectViewController.m */ = {isa = PBXFileReference; fileEncoding = 4; lastKnownFileType = sourcecode.c.objc; path = FoursquareConnectViewController.m; sourceTree = "<group>"; };
		29B97316FDCFA39411CA2CEA /* main.m */ = {isa = PBXFileReference; fileEncoding = 4; lastKnownFileType = sourcecode.c.objc; path = main.m; sourceTree = "<group>"; };
		32CA4F630368D1EE00C91783 /* FoursquareConnect_Prefix.pch */ = {isa = PBXFileReference; fileEncoding = 4; lastKnownFileType = sourcecode.c.h; path = FoursquareConnect_Prefix.pch; sourceTree = "<group>"; };
		8D1107310486CEB800E47090 /* FoursquareConnect-Info.plist */ = {isa = PBXFileReference; fileEncoding = 4; lastKnownFileType = text.plist.xml; path = "FoursquareConnect-Info.plist"; plistStructureDefinitionIdentifier = "com.apple.xcode.plist.structure-definition.iphone.info-plist"; sourceTree = "<group>"; };
/* End PBXFileReference section */

/* Begin PBXFrameworksBuildPhase section */
		1D60588F0D05DD3D006BFB54 /* Frameworks */ = {
			isa = PBXFrameworksBuildPhase;
			buildActionMask = 2147483647;
			files = (
				1D60589F0D05DD5A006BFB54 /* Foundation.framework in Frameworks */,
				1DF5F4E00D08C38300B7A737 /* UIKit.framework in Frameworks */,
				288765A50DF7441C002DB57D /* CoreGraphics.framework in Frameworks */,
			);
			runOnlyForDeploymentPostprocessing = 0;
		};
/* End PBXFrameworksBuildPhase section */

/* Begin PBXGroup section */
		080E96DDFE201D6D7F000001 /* Classes */ = {
			isa = PBXGroup;
			children = (
				1E050EB712AF10D5006E1AEB /* Foursquare OAuth */,
				1E050EA312AF0D94006E1AEB /* App Delegate */,
				1E050EA412AF0DA4006E1AEB /* RootView */,
			);
			path = Classes;
			sourceTree = "<group>";
		};
		19C28FACFE9D520D11CA2CBB /* Products */ = {
			isa = PBXGroup;
			children = (
				1D6058910D05DD3D006BFB54 /* FoursquareConnect.app */,
			);
			name = Products;
			sourceTree = "<group>";
		};
		1E050EA312AF0D94006E1AEB /* App Delegate */ = {
			isa = PBXGroup;
			children = (
				1D3623240D0F684500981E51 /* FoursquareConnectAppDelegate.h */,
				1D3623250D0F684500981E51 /* FoursquareConnectAppDelegate.m */,
			);
			name = "App Delegate";
			sourceTree = "<group>";
		};
		1E050EA412AF0DA4006E1AEB /* RootView */ = {
			isa = PBXGroup;
			children = (
				28D7ACF60DDB3853001CB0EB /* FoursquareConnectViewController.h */,
				28D7ACF70DDB3853001CB0EB /* FoursquareConnectViewController.m */,
				2899E5210DE3E06400AC0155 /* FoursquareConnectViewController.xib */,
			);
			name = RootView;
			sourceTree = "<group>";
		};
		1E050EB712AF10D5006E1AEB /* Foursquare OAuth */ = {
			isa = PBXGroup;
			children = (
				1EC5990212C27CA100F2A564 /* SBJSON */,
				1EC598BD12C2676B00F2A564 /* Requestors */,
				1E050EBC12AF116C006E1AEB /* FSConnectWebView.h */,
				1E050EBD12AF116C006E1AEB /* FSConnectWebView.m */,
				1E050EBE12AF116C006E1AEB /* FSConnectWebView.xib */,
				1E4D114212B1A95F002ACEAD /* Javascript */,
				1E050EB912AF10F1006E1AEB /* Images */,
			);
			name = "Foursquare OAuth";
			sourceTree = "<group>";
		};
		1E050EB912AF10F1006E1AEB /* Images */ = {
			isa = PBXGroup;
			children = (
				1ECFAE8612B02DF600E684D1 /* foursquare-overlay.png */,
				1E4D112812B1587F002ACEAD /* fs-close-btn.png */,
				1E050EBA12AF10FC006E1AEB /* icon.png */,
			);
			name = Images;
			sourceTree = "<group>";
		};
		1E4D114212B1A95F002ACEAD /* Javascript */ = {
			isa = PBXGroup;
			children = (
				1E4D114312B1A974002ACEAD /* storage.js */,
			);
			name = Javascript;
			sourceTree = "<group>";
		};
		1EC598BD12C2676B00F2A564 /* Requestors */ = {
			isa = PBXGroup;
			children = (
				1EC598BA12C2675F00F2A564 /* FSUserRequestor.h */,
				1EC598BB12C2675F00F2A564 /* FSUserRequestor.m */,
			);
			name = Requestors;
			sourceTree = "<group>";
		};
		1EC5990212C27CA100F2A564 /* SBJSON */ = {
			isa = PBXGroup;
			children = (
				1EC5990412C27CE000F2A564 /* JSON.h */,
				1EC5990512C27CE000F2A564 /* NSObject+SBJSON.h */,
				1EC5990612C27CE000F2A564 /* NSString+SBJSON.h */,
				1EC5990712C27CE000F2A564 /* SBJsonBase.h */,
				1EC5990812C27CE000F2A564 /* SBJsonParser.h */,
				1EC5990912C27CE000F2A564 /* SBJsonWriter.h */,
				1EC5990A12C27CE000F2A564 /* NSObject+SBJSON.m */,
				1EC5990B12C27CE000F2A564 /* NSString+SBJSON.m */,
				1EC5990C12C27CE000F2A564 /* SBJsonBase.m */,
				1EC5990D12C27CE000F2A564 /* SBJsonParser.m */,
				1EC5990E12C27CE000F2A564 /* SBJsonWriter.m */,
			);
			name = SBJSON;
			sourceTree = "<group>";
		};
		29B97314FDCFA39411CA2CEA /* CustomTemplate */ = {
			isa = PBXGroup;
			children = (
				080E96DDFE201D6D7F000001 /* Classes */,
				29B97315FDCFA39411CA2CEA /* Other Sources */,
				29B97317FDCFA39411CA2CEA /* Resources */,
				29B97323FDCFA39411CA2CEA /* Frameworks */,
				19C28FACFE9D520D11CA2CBB /* Products */,
			);
			name = CustomTemplate;
			sourceTree = "<group>";
		};
		29B97315FDCFA39411CA2CEA /* Other Sources */ = {
			isa = PBXGroup;
			children = (
				32CA4F630368D1EE00C91783 /* FoursquareConnect_Prefix.pch */,
				29B97316FDCFA39411CA2CEA /* main.m */,
			);
			name = "Other Sources";
			sourceTree = "<group>";
		};
		29B97317FDCFA39411CA2CEA /* Resources */ = {
			isa = PBXGroup;
			children = (
				28AD733E0D9D9553002E5188 /* MainWindow.xib */,
				8D1107310486CEB800E47090 /* FoursquareConnect-Info.plist */,
			);
			name = Resources;
			sourceTree = "<group>";
		};
		29B97323FDCFA39411CA2CEA /* Frameworks */ = {
			isa = PBXGroup;
			children = (
				1DF5F4DF0D08C38300B7A737 /* UIKit.framework */,
				1D30AB110D05D00D00671497 /* Foundation.framework */,
				288765A40DF7441C002DB57D /* CoreGraphics.framework */,
			);
			name = Frameworks;
			sourceTree = "<group>";
		};
/* End PBXGroup section */

/* Begin PBXNativeTarget section */
		1D6058900D05DD3D006BFB54 /* FoursquareConnect */ = {
			isa = PBXNativeTarget;
			buildConfigurationList = 1D6058960D05DD3E006BFB54 /* Build configuration list for PBXNativeTarget "FoursquareConnect" */;
			buildPhases = (
				1D60588D0D05DD3D006BFB54 /* Resources */,
				1D60588E0D05DD3D006BFB54 /* Sources */,
				1D60588F0D05DD3D006BFB54 /* Frameworks */,
			);
			buildRules = (
			);
			dependencies = (
			);
			name = FoursquareConnect;
			productName = FoursquareConnect;
			productReference = 1D6058910D05DD3D006BFB54 /* FoursquareConnect.app */;
			productType = "com.apple.product-type.application";
		};
/* End PBXNativeTarget section */

/* Begin PBXProject section */
		29B97313FDCFA39411CA2CEA /* Project object */ = {
			isa = PBXProject;
			attributes = {
				ORGANIZATIONNAME = 72andSunny;
			};
			buildConfigurationList = C01FCF4E08A954540054247B /* Build configuration list for PBXProject "FoursquareConnect" */;
			compatibilityVersion = "Xcode 3.1";
			developmentRegion = English;
			hasScannedForEncodings = 1;
			knownRegions = (
				English,
				Japanese,
				French,
				German,
			);
			mainGroup = 29B97314FDCFA39411CA2CEA /* CustomTemplate */;
			projectDirPath = "";
			projectRoot = "";
			targets = (
				1D6058900D05DD3D006BFB54 /* FoursquareConnect */,
			);
		};
/* End PBXProject section */

/* Begin PBXResourcesBuildPhase section */
		1D60588D0D05DD3D006BFB54 /* Resources */ = {
			isa = PBXResourcesBuildPhase;
			buildActionMask = 2147483647;
			files = (
				1E4D117B12B1B23D002ACEAD /* storage.js in Resources */,
				28AD733F0D9D9553002E5188 /* MainWindow.xib in Resources */,
				2899E5220DE3E06400AC0155 /* FoursquareConnectViewController.xib in Resources */,
				1E050EBB12AF10FC006E1AEB /* icon.png in Resources */,
				1E050EC012AF116C006E1AEB /* FSConnectWebView.xib in Resources */,
				1ECFAE8712B02DF600E684D1 /* foursquare-overlay.png in Resources */,
				1E4D112912B1587F002ACEAD /* fs-close-btn.png in Resources */,
			);
			runOnlyForDeploymentPostprocessing = 0;
		};
/* End PBXResourcesBuildPhase section */

/* Begin PBXSourcesBuildPhase section */
		1D60588E0D05DD3D006BFB54 /* Sources */ = {
			isa = PBXSourcesBuildPhase;
			buildActionMask = 2147483647;
			files = (
				1D60589B0D05DD56006BFB54 /* main.m in Sources */,
				1D3623260D0F684500981E51 /* FoursquareConnectAppDelegate.m in Sources */,
				28D7ACF80DDB3853001CB0EB /* FoursquareConnectViewController.m in Sources */,
				1E050EBF12AF116C006E1AEB /* FSConnectWebView.m in Sources */,
				1EC598BC12C2675F00F2A564 /* FSUserRequestor.m in Sources */,
				1EC5990F12C27CE000F2A564 /* NSObject+SBJSON.m in Sources */,
				1EC5991012C27CE000F2A564 /* NSString+SBJSON.m in Sources */,
				1EC5991112C27CE000F2A564 /* SBJsonBase.m in Sources */,
				1EC5991212C27CE000F2A564 /* SBJsonParser.m in Sources */,
				1EC5991312C27CE000F2A564 /* SBJsonWriter.m in Sources */,
			);
			runOnlyForDeploymentPostprocessing = 0;
		};
/* End PBXSourcesBuildPhase section */

/* Begin XCBuildConfiguration section */
		1D6058940D05DD3E006BFB54 /* Debug */ = {
			isa = XCBuildConfiguration;
			buildSettings = {
				ALWAYS_SEARCH_USER_PATHS = NO;
				COPY_PHASE_STRIP = NO;
				GCC_DYNAMIC_NO_PIC = NO;
				GCC_OPTIMIZATION_LEVEL = 0;
				GCC_PRECOMPILE_PREFIX_HEADER = YES;
				GCC_PREFIX_HEADER = FoursquareConnect_Prefix.pch;
				INFOPLIST_FILE = "FoursquareConnect-Info.plist";
				PRODUCT_NAME = FoursquareConnect;
			};
			name = Debug;
		};
		1D6058950D05DD3E006BFB54 /* Release */ = {
			isa = XCBuildConfiguration;
			buildSettings = {
				ALWAYS_SEARCH_USER_PATHS = NO;
				COPY_PHASE_STRIP = YES;
				GCC_PRECOMPILE_PREFIX_HEADER = YES;
				GCC_PREFIX_HEADER = FoursquareConnect_Prefix.pch;
				INFOPLIST_FILE = "FoursquareConnect-Info.plist";
				PRODUCT_NAME = FoursquareConnect;
				VALIDATE_PRODUCT = YES;
			};
			name = Release;
		};
		C01FCF4F08A954540054247B /* Debug */ = {
			isa = XCBuildConfiguration;
			buildSettings = {
				ARCHS = "$(ARCHS_STANDARD_32_BIT)";
				"CODE_SIGN_IDENTITY[sdk=iphoneos*]" = "iPhone Developer";
				GCC_C_LANGUAGE_STANDARD = c99;
				GCC_WARN_ABOUT_RETURN_TYPE = YES;
				GCC_WARN_UNUSED_VARIABLE = YES;
				PREBINDING = NO;
				SDKROOT = iphoneos;
			};
			name = Debug;
		};
		C01FCF5008A954540054247B /* Release */ = {
			isa = XCBuildConfiguration;
			buildSettings = {
				ARCHS = "$(ARCHS_STANDARD_32_BIT)";
				"CODE_SIGN_IDENTITY[sdk=iphoneos*]" = "iPhone Developer";
				GCC_C_LANGUAGE_STANDARD = c99;
				GCC_WARN_ABOUT_RETURN_TYPE = YES;
				GCC_WARN_UNUSED_VARIABLE = YES;
				OTHER_CFLAGS = "-DNS_BLOCK_ASSERTIONS=1";
				PREBINDING = NO;
				SDKROOT = iphoneos;
			};
			name = Release;
		};
/* End XCBuildConfiguration section */

/* Begin XCConfigurationList section */
		1D6058960D05DD3E006BFB54 /* Build configuration list for PBXNativeTarget "FoursquareConnect" */ = {
			isa = XCConfigurationList;
			buildConfigurations = (
				1D6058940D05DD3E006BFB54 /* Debug */,
				1D6058950D05DD3E006BFB54 /* Release */,
			);
			defaultConfigurationIsVisible = 0;
			defaultConfigurationName = Release;
		};
		C01FCF4E08A954540054247B /* Build configuration list for PBXProject "FoursquareConnect" */ = {
			isa = XCConfigurationList;
			buildConfigurations = (
				C01FCF4F08A954540054247B /* Debug */,
				C01FCF5008A954540054247B /* Release */,
			);
			defaultConfigurationIsVisible = 0;
			defaultConfigurationName = Release;
		};
/* End XCConfigurationList section */
	};
	rootObject = 29B97313FDCFA39411CA2CEA /* Project object */;
}
